
Microsoft Visual Studio Solution File, Format Version 12.00
# Visual Studio Version 16
VisualStudioVersion = 16.0.31605.320
MinimumVisualStudioVersion = 10.0.40219.1
Project("{FAE04EC0-301F-11D3-BF4B-00C04F79EFBC}") = "Sayi_Tahmin_Oyunu", "Sayi_Tahmin_Oyunu\Sayi_Tahmin_Oyunu.csproj", "{475E0050-411B-4AA1-A583-7E782E0577ED}"
EndProject
Global
	GlobalSection(SolutionConfigurationPlatforms) = preSolution
		Debug|Any CPU = Debug|Any CPU
		Release|Any CPU = Release|Any CPU
	EndGlobalSection
	GlobalSection(ProjectConfigurationPlatforms) = postSolution
		{475E0050-411B-4AA1-A583-7E782E0577ED}.Debug|Any CPU.ActiveCfg = Debug|Any CPU
		{475E0050-411B-4AA1-A583-7E782E0577ED}.Debug|Any CPU.Build.0 = Debug|Any CPU
		{475E0050-411B-4AA1-A583-7E782E0577ED}.Release|Any CPU.ActiveCfg = Release|Any CPU
		{475E0050-411B-4AA1-A583-7E782E0577ED}.Release|Any CPU.Build.0 = Release|Any CPU
	EndGlobalSection
	GlobalSection(SolutionProperties) = preSolution
		HideSolutionNode = FALSE
	EndGlobalSection
	GlobalSection(ExtensibilityGlobals) = postSolution
		SolutionGuid = {82A30E49-E0B4-4B8D-B08A-FF5B1F8B1AAA}
	EndGlobalSection
EndGlobal
